
Microsoft Visual Studio Solution File, Format Version 12.00
# Visual Studio Version 17
VisualStudioVersion = 17.10.35013.160
MinimumVisualStudioVersion = 10.0.40219.1
Project("{FAE04EC0-301F-11D3-BF4B-00C04F79EFBC}") = "SQLInCSharp", "SQLInCSharp.csproj", "{E4AFBEEE-78BE-4823-8055-3E40E4C05C93}"
EndProject
Project("{FAE04EC0-301F-11D3-BF4B-00C04F79EFBC}") = "SQLServerLib", "..\SQLServerLib\SQLServerLib.csproj", "{E3FAB1AB-716D-4175-9178-9B09E7D1971B}"
EndProject
Global
	GlobalSection(SolutionConfigurationPlatforms) = preSolution
		Debug|Any CPU = Debug|Any CPU
		Release|Any CPU = Release|Any CPU
	EndGlobalSection
	GlobalSection(ProjectConfigurationPlatforms) = postSolution
		{E4AFBEEE-78BE-4823-8055-3E40E4C05C93}.Debug|Any CPU.ActiveCfg = Debug|Any CPU
		{E4AFBEEE-78BE-4823-8055-3E40E4C05C93}.Debug|Any CPU.Build.0 = Debug|Any CPU
		{E4AFBEEE-78BE-4823-8055-3E40E4C05C93}.Release|Any CPU.ActiveCfg = Release|Any CPU
		{E4AFBEEE-78BE-4823-8055-3E40E4C05C93}.Release|Any CPU.Build.0 = Release|Any CPU
		{E3FAB1AB-716D-4175-9178-9B09E7D1971B}.Debug|Any CPU.ActiveCfg = Debug|Any CPU
		{E3FAB1AB-716D-4175-9178-9B09E7D1971B}.Debug|Any CPU.Build.0 = Debug|Any CPU
		{E3FAB1AB-716D-4175-9178-9B09E7D1971B}.Release|Any CPU.ActiveCfg = Release|Any CPU
		{E3FAB1AB-716D-4175-9178-9B09E7D1971B}.Release|Any CPU.Build.0 = Release|Any CPU
	EndGlobalSection
	GlobalSection(SolutionProperties) = preSolution
		HideSolutionNode = FALSE
	EndGlobalSection
	GlobalSection(ExtensibilityGlobals) = postSolution
		SolutionGuid = {002A5032-285D-4A09-963A-B09948EB7EB6}
	EndGlobalSection
EndGlobal
